
Microsoft Visual Studio Solution File, Format Version 12.00
# Visual Studio 15
VisualStudioVersion = 15.0.27428.2002
MinimumVisualStudioVersion = 10.0.40219.1
Project("{2150E333-8FDC-42A3-9474-1A3956D46DE8}") = "1 - Application", "1 - Application", "{CD6D16E8-A348-4152-BC39-49F64E27B7E9}"
EndProject
Project("{2150E333-8FDC-42A3-9474-1A3956D46DE8}") = "2 - Domain", "2 - Domain", "{D99834F2-C363-4F0B-8D44-EAB04E2B72FA}"
EndProject
Project("{2150E333-8FDC-42A3-9474-1A3956D46DE8}") = "3 - Infra", "3 - Infra", "{36350AD5-77E0-4E66-A074-7DACA7D7D19C}"
EndProject
Project("{2150E333-8FDC-42A3-9474-1A3956D46DE8}") = "3.1 - Data", "3.1 - Data", "{CFFA7ED9-21F8-4F6E-B482-B8562A8558E8}"
EndProject
Project("{2150E333-8FDC-42A3-9474-1A3956D46DE8}") = "3.2 - CrossCutting", "3.2 - CrossCutting", "{89D7820A-F885-4A78-ACC4-08B812D6531E}"
EndProject
Project("{9A19103F-16F7-4668-BE54-9A1E7A4F7556}") = "Lust.Infra.Data", "src\Lust.Infra.Data\Lust.Infra.Data.csproj", "{2CD7DD06-82DD-48A6-839B-C54C0623FB26}"
EndProject
Project("{9A19103F-16F7-4668-BE54-9A1E7A4F7556}") = "Lust.Domain.Core", "src\Lust.Domain.Core\Lust.Domain.Core.csproj", "{A7353106-DA26-4CA3-A0B8-D21EDCAB9ED7}"
EndProject
Project("{9A19103F-16F7-4668-BE54-9A1E7A4F7556}") = "Lust.Infra.CrossCutting.Identity", "src\Lust.Infra.CrossCutting.Identity\Lust.Infra.CrossCutting.Identity.csproj", "{A146C44A-8223-4065-A62B-AB969421EC57}"
EndProject
Project("{9A19103F-16F7-4668-BE54-9A1E7A4F7556}") = "Lust.Domain", "src\Lust.Domain\Lust.Domain.csproj", "{64AA075D-F3E9-440E-A296-A003898E2591}"
EndProject
Project("{9A19103F-16F7-4668-BE54-9A1E7A4F7556}") = "Lust.Infra.CrossCutting.AspNetFilters", "src\Lust.Infra.CrossCutting.AspNetFilters\Lust.Infra.CrossCutting.AspNetFilters.csproj", "{D6955577-A5FD-4650-A19E-64D662471866}"
EndProject
Project("{9A19103F-16F7-4668-BE54-9A1E7A4F7556}") = "Lust.App", "src\Lust.App\Lust.App.csproj", "{3DA44DC2-C7D1-4C03-A281-2D9BCB33F092}"
EndProject
Project("{9A19103F-16F7-4668-BE54-9A1E7A4F7556}") = "Lust.Infra.CrossCutting.AspNetHelper", "src\Lust.Infra.CrossCutting.AspNetHelper\Lust.Infra.CrossCutting.AspNetHelper.csproj", "{3DAE56DB-2BB1-476E-B036-A4EDFFAA9447}"
EndProject
Project("{2150E333-8FDC-42A3-9474-1A3956D46DE8}") = "3.3 - Files", "3.3 - Files", "{29B81A94-C376-4C2C-BB09-115622051D01}"
EndProject
Project("{9A19103F-16F7-4668-BE54-9A1E7A4F7556}") = "Lust.Infra.Files", "src\Lust.Infra.Files\Lust.Infra.Files.csproj", "{D00FFE9E-74F4-4FC0-9C97-33CCBE7A09AD}"
EndProject
Project("{2150E333-8FDC-42A3-9474-1A3956D46DE8}") = "4 - 3th party", "4 - 3th party", "{11D027CB-0414-4510-B41A-7B409E322955}"
EndProject
Project("{2150E333-8FDC-42A3-9474-1A3956D46DE8}") = "SixLabors", "SixLabors", "{3CEC8B3E-409D-4EF6-9E40-A3816AEF2D6A}"
EndProject
Project("{9A19103F-16F7-4668-BE54-9A1E7A4F7556}") = "ImageSharp", "3th party\SixLabors.ImageSharp\src\ImageSharp\ImageSharp.csproj", "{07CAE6AA-95B1-4D94-B969-F0AECD6428FB}"
EndProject
Project("{9A19103F-16F7-4668-BE54-9A1E7A4F7556}") = "ImageSharp.Drawing", "3th party\SixLabors.ImageSharp\src\ImageSharp.Drawing\ImageSharp.Drawing.csproj", "{D1C5CCC0-31D2-49A4-97A5-93D9BA1AF1F4}"
EndProject
Project("{2150E333-8FDC-42A3-9474-1A3956D46DE8}") = "Pagseguro", "Pagseguro", "{168145C0-1BD6-4F07-9514-B884D35157D2}"
EndProject
Global
	GlobalSection(SolutionConfigurationPlatforms) = preSolution
		Debug|Any CPU = Debug|Any CPU
		Release|Any CPU = Release|Any CPU
	EndGlobalSection
	GlobalSection(ProjectConfigurationPlatforms) = postSolution
		{2CD7DD06-82DD-48A6-839B-C54C0623FB26}.Debug|Any CPU.ActiveCfg = Debug|Any CPU
		{2CD7DD06-82DD-48A6-839B-C54C0623FB26}.Debug|Any CPU.Build.0 = Debug|Any CPU
		{2CD7DD06-82DD-48A6-839B-C54C0623FB26}.Release|Any CPU.ActiveCfg = Release|Any CPU
		{2CD7DD06-82DD-48A6-839B-C54C0623FB26}.Release|Any CPU.Build.0 = Release|Any CPU
		{A7353106-DA26-4CA3-A0B8-D21EDCAB9ED7}.Debug|Any CPU.ActiveCfg = Debug|Any CPU
		{A7353106-DA26-4CA3-A0B8-D21EDCAB9ED7}.Debug|Any CPU.Build.0 = Debug|Any CPU
		{A7353106-DA26-4CA3-A0B8-D21EDCAB9ED7}.Release|Any CPU.ActiveCfg = Release|Any CPU
		{A7353106-DA26-4CA3-A0B8-D21EDCAB9ED7}.Release|Any CPU.Build.0 = Release|Any CPU
		{A146C44A-8223-4065-A62B-AB969421EC57}.Debug|Any CPU.ActiveCfg = Debug|Any CPU
		{A146C44A-8223-4065-A62B-AB969421EC57}.Debug|Any CPU.Build.0 = Debug|Any CPU
		{A146C44A-8223-4065-A62B-AB969421EC57}.Release|Any CPU.ActiveCfg = Release|Any CPU
		{A146C44A-8223-4065-A62B-AB969421EC57}.Release|Any CPU.Build.0 = Release|Any CPU
		{64AA075D-F3E9-440E-A296-A003898E2591}.Debug|Any CPU.ActiveCfg = Debug|Any CPU
		{64AA075D-F3E9-440E-A296-A003898E2591}.Debug|Any CPU.Build.0 = Debug|Any CPU
		{64AA075D-F3E9-440E-A296-A003898E2591}.Release|Any CPU.ActiveCfg = Release|Any CPU
		{64AA075D-F3E9-440E-A296-A003898E2591}.Release|Any CPU.Build.0 = Release|Any CPU
		{D6955577-A5FD-4650-A19E-64D662471866}.Debug|Any CPU.ActiveCfg = Debug|Any CPU
		{D6955577-A5FD-4650-A19E-64D662471866}.Debug|Any CPU.Build.0 = Debug|Any CPU
		{D6955577-A5FD-4650-A19E-64D662471866}.Release|Any CPU.ActiveCfg = Release|Any CPU
		{D6955577-A5FD-4650-A19E-64D662471866}.Release|Any CPU.Build.0 = Release|Any CPU
		{3DA44DC2-C7D1-4C03-A281-2D9BCB33F092}.Debug|Any CPU.ActiveCfg = Debug|Any CPU
		{3DA44DC2-C7D1-4C03-A281-2D9BCB33F092}.Debug|Any CPU.Build.0 = Debug|Any CPU
		{3DA44DC2-C7D1-4C03-A281-2D9BCB33F092}.Release|Any CPU.ActiveCfg = Release|Any CPU
		{3DA44DC2-C7D1-4C03-A281-2D9BCB33F092}.Release|Any CPU.Build.0 = Release|Any CPU
		{3DAE56DB-2BB1-476E-B036-A4EDFFAA9447}.Debug|Any CPU.ActiveCfg = Debug|Any CPU
		{3DAE56DB-2BB1-476E-B036-A4EDFFAA9447}.Debug|Any CPU.Build.0 = Debug|Any CPU
		{3DAE56DB-2BB1-476E-B036-A4EDFFAA9447}.Release|Any CPU.ActiveCfg = Release|Any CPU
		{3DAE56DB-2BB1-476E-B036-A4EDFFAA9447}.Release|Any CPU.Build.0 = Release|Any CPU
		{D00FFE9E-74F4-4FC0-9C97-33CCBE7A09AD}.Debug|Any CPU.ActiveCfg = Debug|Any CPU
		{D00FFE9E-74F4-4FC0-9C97-33CCBE7A09AD}.Debug|Any CPU.Build.0 = Debug|Any CPU
		{D00FFE9E-74F4-4FC0-9C97-33CCBE7A09AD}.Release|Any CPU.ActiveCfg = Release|Any CPU
		{D00FFE9E-74F4-4FC0-9C97-33CCBE7A09AD}.Release|Any CPU.Build.0 = Release|Any CPU
		{07CAE6AA-95B1-4D94-B969-F0AECD6428FB}.Debug|Any CPU.ActiveCfg = Debug|Any CPU
		{07CAE6AA-95B1-4D94-B969-F0AECD6428FB}.Debug|Any CPU.Build.0 = Debug|Any CPU
		{07CAE6AA-95B1-4D94-B969-F0AECD6428FB}.Release|Any CPU.ActiveCfg = Release|Any CPU
		{07CAE6AA-95B1-4D94-B969-F0AECD6428FB}.Release|Any CPU.Build.0 = Release|Any CPU
		{D1C5CCC0-31D2-49A4-97A5-93D9BA1AF1F4}.Debug|Any CPU.ActiveCfg = Debug|Any CPU
		{D1C5CCC0-31D2-49A4-97A5-93D9BA1AF1F4}.Debug|Any CPU.Build.0 = Debug|Any CPU
		{D1C5CCC0-31D2-49A4-97A5-93D9BA1AF1F4}.Release|Any CPU.ActiveCfg = Release|Any CPU
		{D1C5CCC0-31D2-49A4-97A5-93D9BA1AF1F4}.Release|Any CPU.Build.0 = Release|Any CPU
	EndGlobalSection
	GlobalSection(SolutionProperties) = preSolution
		HideSolutionNode = FALSE
	EndGlobalSection
	GlobalSection(NestedProjects) = preSolution
		{CFFA7ED9-21F8-4F6E-B482-B8562A8558E8} = {36350AD5-77E0-4E66-A074-7DACA7D7D19C}
		{89D7820A-F885-4A78-ACC4-08B812D6531E} = {36350AD5-77E0-4E66-A074-7DACA7D7D19C}
		{2CD7DD06-82DD-48A6-839B-C54C0623FB26} = {CFFA7ED9-21F8-4F6E-B482-B8562A8558E8}
		{A7353106-DA26-4CA3-A0B8-D21EDCAB9ED7} = {D99834F2-C363-4F0B-8D44-EAB04E2B72FA}
		{A146C44A-8223-4065-A62B-AB969421EC57} = {89D7820A-F885-4A78-ACC4-08B812D6531E}
		{64AA075D-F3E9-440E-A296-A003898E2591} = {D99834F2-C363-4F0B-8D44-EAB04E2B72FA}
		{D6955577-A5FD-4650-A19E-64D662471866} = {89D7820A-F885-4A78-ACC4-08B812D6531E}
		{3DA44DC2-C7D1-4C03-A281-2D9BCB33F092} = {CD6D16E8-A348-4152-BC39-49F64E27B7E9}
		{3DAE56DB-2BB1-476E-B036-A4EDFFAA9447} = {89D7820A-F885-4A78-ACC4-08B812D6531E}
		{29B81A94-C376-4C2C-BB09-115622051D01} = {36350AD5-77E0-4E66-A074-7DACA7D7D19C}
		{D00FFE9E-74F4-4FC0-9C97-33CCBE7A09AD} = {29B81A94-C376-4C2C-BB09-115622051D01}
		{3CEC8B3E-409D-4EF6-9E40-A3816AEF2D6A} = {11D027CB-0414-4510-B41A-7B409E322955}
		{07CAE6AA-95B1-4D94-B969-F0AECD6428FB} = {3CEC8B3E-409D-4EF6-9E40-A3816AEF2D6A}
		{D1C5CCC0-31D2-49A4-97A5-93D9BA1AF1F4} = {3CEC8B3E-409D-4EF6-9E40-A3816AEF2D6A}
		{168145C0-1BD6-4F07-9514-B884D35157D2} = {11D027CB-0414-4510-B41A-7B409E322955}
	EndGlobalSection
	GlobalSection(ExtensibilityGlobals) = postSolution
		SolutionGuid = {90EB104E-6B6A-4931-973A-12B230DF2985}
	EndGlobalSection
EndGlobal
